
Microsoft Visual Studio Solution File, Format Version 12.00
# Visual Studio Version 16
VisualStudioVersion = 16.0.30804.86
MinimumVisualStudioVersion = 10.0.40219.1
Project("{FAE04EC0-301F-11D3-BF4B-00C04F79EFBC}") = "Course-Exercise16", "Course-Exercise16.csproj", "{B2D4729E-E617-4EC9-A667-515648F9AA78}"
EndProject
Global
	GlobalSection(SolutionConfigurationPlatforms) = preSolution
		Debug|Any CPU = Debug|Any CPU
		Release|Any CPU = Release|Any CPU
	EndGlobalSection
	GlobalSection(ProjectConfigurationPlatforms) = postSolution
		{B2D4729E-E617-4EC9-A667-515648F9AA78}.Debug|Any CPU.ActiveCfg = Debug|Any CPU
		{B2D4729E-E617-4EC9-A667-515648F9AA78}.Debug|Any CPU.Build.0 = Debug|Any CPU
		{B2D4729E-E617-4EC9-A667-515648F9AA78}.Release|Any CPU.ActiveCfg = Release|Any CPU
		{B2D4729E-E617-4EC9-A667-515648F9AA78}.Release|Any CPU.Build.0 = Release|Any CPU
	EndGlobalSection
	GlobalSection(SolutionProperties) = preSolution
		HideSolutionNode = FALSE
	EndGlobalSection
	GlobalSection(ExtensibilityGlobals) = postSolution
		SolutionGuid = {E2B5012A-B6BA-48B6-80B0-75003A5459EE}
	EndGlobalSection
EndGlobal
