
Microsoft Visual Studio Solution File, Format Version 12.00
# Visual Studio Version 16
VisualStudioVersion = 16.0.30804.86
MinimumVisualStudioVersion = 10.0.40219.1
Project("{FAE04EC0-301F-11D3-BF4B-00C04F79EFBC}") = "Course-Exercise6", "Course-Exercise6.csproj", "{3BC7C323-CF9E-4702-832A-E36E91669471}"
EndProject
Global
	GlobalSection(SolutionConfigurationPlatforms) = preSolution
		Debug|Any CPU = Debug|Any CPU
		Release|Any CPU = Release|Any CPU
	EndGlobalSection
	GlobalSection(ProjectConfigurationPlatforms) = postSolution
		{3BC7C323-CF9E-4702-832A-E36E91669471}.Debug|Any CPU.ActiveCfg = Debug|Any CPU
		{3BC7C323-CF9E-4702-832A-E36E91669471}.Debug|Any CPU.Build.0 = Debug|Any CPU
		{3BC7C323-CF9E-4702-832A-E36E91669471}.Release|Any CPU.ActiveCfg = Release|Any CPU
		{3BC7C323-CF9E-4702-832A-E36E91669471}.Release|Any CPU.Build.0 = Release|Any CPU
	EndGlobalSection
	GlobalSection(SolutionProperties) = preSolution
		HideSolutionNode = FALSE
	EndGlobalSection
	GlobalSection(ExtensibilityGlobals) = postSolution
		SolutionGuid = {7F2C809C-A214-42A6-89E1-96A5C18B1239}
	EndGlobalSection
EndGlobal
